
Microsoft Visual Studio Solution File, Format Version 11.00
# Visual Studio 2010
Project("{FAE04EC0-301F-11D3-BF4B-00C04F79EFBC}") = "OauthPoc", "OauthPoc\OauthPoc.csproj", "{8CFEC13C-800B-4772-84A4-7572BD8D539A}"
EndProject
Project("{FAE04EC0-301F-11D3-BF4B-00C04F79EFBC}") = "ConsumerApp", "ConsumerApp\ConsumerApp.csproj", "{25F1F8F4-8691-41F3-BEA5-739B8D5B1CCD}"
EndProject
Global
	GlobalSection(SolutionConfigurationPlatforms) = preSolution
		Debug|Any CPU = Debug|Any CPU
		Release|Any CPU = Release|Any CPU
	EndGlobalSection
	GlobalSection(ProjectConfigurationPlatforms) = postSolution
		{8CFEC13C-800B-4772-84A4-7572BD8D539A}.Debug|Any CPU.ActiveCfg = Debug|Any CPU
		{8CFEC13C-800B-4772-84A4-7572BD8D539A}.Debug|Any CPU.Build.0 = Debug|Any CPU
		{8CFEC13C-800B-4772-84A4-7572BD8D539A}.Release|Any CPU.ActiveCfg = Release|Any CPU
		{8CFEC13C-800B-4772-84A4-7572BD8D539A}.Release|Any CPU.Build.0 = Release|Any CPU
		{25F1F8F4-8691-41F3-BEA5-739B8D5B1CCD}.Debug|Any CPU.ActiveCfg = Debug|Any CPU
		{25F1F8F4-8691-41F3-BEA5-739B8D5B1CCD}.Debug|Any CPU.Build.0 = Debug|Any CPU
		{25F1F8F4-8691-41F3-BEA5-739B8D5B1CCD}.Release|Any CPU.ActiveCfg = Release|Any CPU
		{25F1F8F4-8691-41F3-BEA5-739B8D5B1CCD}.Release|Any CPU.Build.0 = Release|Any CPU
	EndGlobalSection
	GlobalSection(SolutionProperties) = preSolution
		HideSolutionNode = FALSE
	EndGlobalSection
EndGlobal
